// !$*UTF8*$!
{
	archiveVersion = 1;
	classes = {
	};
	objectVersion = 56;
	objects = {

/* Begin PBXBuildFile section */
		453993692E61F128005F675C /* keepaneyeApp.swift in Sources */ = {isa = PBXBuildFile; fileRef = 453993682E61F128005F675C /* keepaneyeApp.swift */; };
		4539936D2E61F12A005F675C /* Assets.xcassets in Resources */ = {isa = PBXBuildFile; fileRef = 4539936C2E61F12A005F675C /* Assets.xcassets */; };
		453993702E61F12A005F675C /* Preview Assets.xcassets in Resources */ = {isa = PBXBuildFile; fileRef = 4539936F2E61F12A005F675C /* Preview Assets.xcassets */; };
		453993722E61F12A005F675C /* Persistence.swift in Sources */ = {isa = PBXBuildFile; fileRef = 453993712E61F12A005F675C /* Persistence.swift */; };
		453993752E61F12A005F675C /* keepaneye.xcdatamodeld in Sources */ = {isa = PBXBuildFile; fileRef = 453993732E61F12A005F675C /* keepaneye.xcdatamodeld */; };
		4539937F2E61F12A005F675C /* keepaneyeTests.swift in Sources */ = {isa = PBXBuildFile; fileRef = 4539937E2E61F12A005F675C /* keepaneyeTests.swift */; };
		453993892E61F12A005F675C /* keepaneyeUITests.swift in Sources */ = {isa = PBXBuildFile; fileRef = 453993882E61F12A005F675C /* keepaneyeUITests.swift */; };
		4539938B2E61F12A005F675C /* keepaneyeUITestsLaunchTests.swift in Sources */ = {isa = PBXBuildFile; fileRef = 4539938A2E61F12A005F675C /* keepaneyeUITestsLaunchTests.swift */; };
		453993982E61F2E8005F675C /* ContentView.swift in Sources */ = {isa = PBXBuildFile; fileRef = 453993972E61F2E8005F675C /* ContentView.swift */; };
		4539939B2E61F78E005F675C /* AuthenticationManager.swift in Sources */ = {isa = PBXBuildFile; fileRef = 453993992E61F78E005F675C /* AuthenticationManager.swift */; };
		4539939C2E61F78E005F675C /* DataManager.swift in Sources */ = {isa = PBXBuildFile; fileRef = 4539939A2E61F78E005F675C /* DataManager.swift */; };
		453993A02E61F79D005F675C /* Child.swift in Sources */ = {isa = PBXBuildFile; fileRef = 4539939D2E61F79D005F675C /* Child.swift */; };
		453993A12E61F79D005F675C /* Schedule.swift in Sources */ = {isa = PBXBuildFile; fileRef = 4539939E2E61F79D005F675C /* Schedule.swift */; };
		453993A22E61F79D005F675C /* User.swift in Sources */ = {isa = PBXBuildFile; fileRef = 4539939F2E61F79D005F675C /* User.swift */; };
		453993AA2E61F7B2005F675C /* AddChildView.swift in Sources */ = {isa = PBXBuildFile; fileRef = 453993A32E61F7B1005F675C /* AddChildView.swift */; };
		453993AC2E61F7B2005F675C /* ProfileView.swift in Sources */ = {isa = PBXBuildFile; fileRef = 453993A52E61F7B1005F675C /* ProfileView.swift */; };
		453993AD2E61F7B2005F675C /* FeedView.swift in Sources */ = {isa = PBXBuildFile; fileRef = 453993A62E61F7B1005F675C /* FeedView.swift */; };
		453993AE2E61F7B2005F675C /* ScheduleDetailView.swift in Sources */ = {isa = PBXBuildFile; fileRef = 453993A72E61F7B1005F675C /* ScheduleDetailView.swift */; };
		453993AF2E61F7B2005F675C /* AuthenticationView.swift in Sources */ = {isa = PBXBuildFile; fileRef = 453993A82E61F7B1005F675C /* AuthenticationView.swift */; };
		453993BD2E659D67005F675C /* ScheduleTemplateView.swift in Sources */ = {isa = PBXBuildFile; fileRef = 453993BB2E659D66005F675C /* ScheduleTemplateView.swift */; };
		453993BE2E659D67005F675C /* AddScheduleView.swift in Sources */ = {isa = PBXBuildFile; fileRef = 453993BC2E659D67005F675C /* AddScheduleView.swift */; };
		453993C22E659ED8005F675C /* AddFeedItemView.swift in Sources */ = {isa = PBXBuildFile; fileRef = 453993BF2E659ED8005F675C /* AddFeedItemView.swift */; };
		453993C32E659ED8005F675C /* FeedItemDetailView.swift in Sources */ = {isa = PBXBuildFile; fileRef = 453993C02E659ED8005F675C /* FeedItemDetailView.swift */; };
		453993C42E659ED8005F675C /* ScheduleView.swift in Sources */ = {isa = PBXBuildFile; fileRef = 453993C12E659ED8005F675C /* ScheduleView.swift */; };
		453993C62E67015A005F675C /* DayPlannerView.swift in Sources */ = {isa = PBXBuildFile; fileRef = 453993C52E67015A005F675C /* DayPlannerView.swift */; };
		453993D12E699E8E005F675C /* LaunchScreenView.swift in Sources */ = {isa = PBXBuildFile; fileRef = 453993CF2E699E8E005F675C /* LaunchScreenView.swift */; };
		453993D22E699E8E005F675C /* PolicyConsentView.swift in Sources */ = {isa = PBXBuildFile; fileRef = 453993D02E699E8E005F675C /* PolicyConsentView.swift */; };
		453993D42E699EA9005F675C /* ConsentManager.swift in Sources */ = {isa = PBXBuildFile; fileRef = 453993D32E699EA9005F675C /* ConsentManager.swift */; };
		453993D62E69A006005F675C /* PrivacyPolicyView.swift in Sources */ = {isa = PBXBuildFile; fileRef = 453993D52E69A006005F675C /* PrivacyPolicyView.swift */; };
		453993D82E69CB38005F675C /* OnboardingView.swift in Sources */ = {isa = PBXBuildFile; fileRef = 453993D72E69CB38005F675C /* OnboardingView.swift */; };
/* End PBXBuildFile section */

/* Begin PBXContainerItemProxy section */
		4539937B2E61F12A005F675C /* PBXContainerItemProxy */ = {
			isa = PBXContainerItemProxy;
			containerPortal = 4539935D2E61F128005F675C /* Project object */;
			proxyType = 1;
			remoteGlobalIDString = 453993642E61F128005F675C;
			remoteInfo = keepaneye;
		};
		453993852E61F12A005F675C /* PBXContainerItemProxy */ = {
			isa = PBXContainerItemProxy;
			containerPortal = 4539935D2E61F128005F675C /* Project object */;
			proxyType = 1;
			remoteGlobalIDString = 453993642E61F128005F675C;
			remoteInfo = keepaneye;
		};
/* End PBXContainerItemProxy section */

/* Begin PBXFileReference section */
		453993652E61F128005F675C /* keepaneye.app */ = {isa = PBXFileReference; explicitFileType = wrapper.application; includeInIndex = 0; path = keepaneye.app; sourceTree = BUILT_PRODUCTS_DIR; };
		453993682E61F128005F675C /* keepaneyeApp.swift */ = {isa = PBXFileReference; lastKnownFileType = sourcecode.swift; path = keepaneyeApp.swift; sourceTree = "<group>"; };
		4539936C2E61F12A005F675C /* Assets.xcassets */ = {isa = PBXFileReference; lastKnownFileType = folder.assetcatalog; path = Assets.xcassets; sourceTree = "<group>"; };
		4539936F2E61F12A005F675C /* Preview Assets.xcassets */ = {isa = PBXFileReference; lastKnownFileType = folder.assetcatalog; path = "Preview Assets.xcassets"; sourceTree = "<group>"; };
		453993712E61F12A005F675C /* Persistence.swift */ = {isa = PBXFileReference; lastKnownFileType = sourcecode.swift; path = Persistence.swift; sourceTree = "<group>"; };
		453993742E61F12A005F675C /* keepaneye.xcdatamodel */ = {isa = PBXFileReference; lastKnownFileType = wrapper.xcdatamodel; path = keepaneye.xcdatamodel; sourceTree = "<group>"; };
		4539937A2E61F12A005F675C /* keepaneyeTests.xctest */ = {isa = PBXFileReference; explicitFileType = wrapper.cfbundle; includeInIndex = 0; path = keepaneyeTests.xctest; sourceTree = BUILT_PRODUCTS_DIR; };
		4539937E2E61F12A005F675C /* keepaneyeTests.swift */ = {isa = PBXFileReference; lastKnownFileType = sourcecode.swift; path = keepaneyeTests.swift; sourceTree = "<group>"; };
		453993842E61F12A005F675C /* keepaneyeUITests.xctest */ = {isa = PBXFileReference; explicitFileType = wrapper.cfbundle; includeInIndex = 0; path = keepaneyeUITests.xctest; sourceTree = BUILT_PRODUCTS_DIR; };
		453993882E61F12A005F675C /* keepaneyeUITests.swift */ = {isa = PBXFileReference; lastKnownFileType = sourcecode.swift; path = keepaneyeUITests.swift; sourceTree = "<group>"; };
		4539938A2E61F12A005F675C /* keepaneyeUITestsLaunchTests.swift */ = {isa = PBXFileReference; lastKnownFileType = sourcecode.swift; path = keepaneyeUITestsLaunchTests.swift; sourceTree = "<group>"; };
		453993972E61F2E8005F675C /* ContentView.swift */ = {isa = PBXFileReference; fileEncoding = 4; lastKnownFileType = sourcecode.swift; name = ContentView.swift; path = ../keepaneye/ContentView.swift; sourceTree = "<group>"; };
		453993992E61F78E005F675C /* AuthenticationManager.swift */ = {isa = PBXFileReference; fileEncoding = 4; lastKnownFileType = sourcecode.swift; name = AuthenticationManager.swift; path = ../keepaneye/Managers/AuthenticationManager.swift; sourceTree = "<group>"; };
		4539939A2E61F78E005F675C /* DataManager.swift */ = {isa = PBXFileReference; fileEncoding = 4; lastKnownFileType = sourcecode.swift; name = DataManager.swift; path = ../keepaneye/Managers/DataManager.swift; sourceTree = "<group>"; };
		4539939D2E61F79D005F675C /* Child.swift */ = {isa = PBXFileReference; fileEncoding = 4; lastKnownFileType = sourcecode.swift; name = Child.swift; path = ../keepaneye/Models/Child.swift; sourceTree = "<group>"; };
		4539939E2E61F79D005F675C /* Schedule.swift */ = {isa = PBXFileReference; fileEncoding = 4; lastKnownFileType = sourcecode.swift; name = Schedule.swift; path = ../keepaneye/Models/Schedule.swift; sourceTree = "<group>"; };
		4539939F2E61F79D005F675C /* User.swift */ = {isa = PBXFileReference; fileEncoding = 4; lastKnownFileType = sourcecode.swift; name = User.swift; path = ../keepaneye/Models/User.swift; sourceTree = "<group>"; };
		453993A32E61F7B1005F675C /* AddChildView.swift */ = {isa = PBXFileReference; fileEncoding = 4; lastKnownFileType = sourcecode.swift; name = AddChildView.swift; path = ../keepaneye/Views/AddChildView.swift; sourceTree = "<group>"; };
		453993A52E61F7B1005F675C /* ProfileView.swift */ = {isa = PBXFileReference; fileEncoding = 4; lastKnownFileType = sourcecode.swift; name = ProfileView.swift; path = ../keepaneye/Views/ProfileView.swift; sourceTree = "<group>"; };
		453993A62E61F7B1005F675C /* FeedView.swift */ = {isa = PBXFileReference; fileEncoding = 4; lastKnownFileType = sourcecode.swift; name = FeedView.swift; path = ../keepaneye/Views/FeedView.swift; sourceTree = "<group>"; };
		453993A72E61F7B1005F675C /* ScheduleDetailView.swift */ = {isa = PBXFileReference; fileEncoding = 4; lastKnownFileType = sourcecode.swift; name = ScheduleDetailView.swift; path = ../keepaneye/Views/ScheduleDetailView.swift; sourceTree = "<group>"; };
		453993A82E61F7B1005F675C /* AuthenticationView.swift */ = {isa = PBXFileReference; fileEncoding = 4; lastKnownFileType = sourcecode.swift; name = AuthenticationView.swift; path = ../keepaneye/Views/AuthenticationView.swift; sourceTree = "<group>"; };
		453993BB2E659D66005F675C /* ScheduleTemplateView.swift */ = {isa = PBXFileReference; fileEncoding = 4; lastKnownFileType = sourcecode.swift; name = ScheduleTemplateView.swift; path = Views/ScheduleTemplateView.swift; sourceTree = "<group>"; };
		453993BC2E659D67005F675C /* AddScheduleView.swift */ = {isa = PBXFileReference; fileEncoding = 4; lastKnownFileType = sourcecode.swift; name = AddScheduleView.swift; path = Views/AddScheduleView.swift; sourceTree = "<group>"; };
		453993BF2E659ED8005F675C /* AddFeedItemView.swift */ = {isa = PBXFileReference; fileEncoding = 4; lastKnownFileType = sourcecode.swift; name = AddFeedItemView.swift; path = Views/AddFeedItemView.swift; sourceTree = "<group>"; };
		453993C02E659ED8005F675C /* FeedItemDetailView.swift */ = {isa = PBXFileReference; fileEncoding = 4; lastKnownFileType = sourcecode.swift; name = FeedItemDetailView.swift; path = Views/FeedItemDetailView.swift; sourceTree = "<group>"; };
		453993C12E659ED8005F675C /* ScheduleView.swift */ = {isa = PBXFileReference; fileEncoding = 4; lastKnownFileType = sourcecode.swift; name = ScheduleView.swift; path = Views/ScheduleView.swift; sourceTree = "<group>"; };
		453993C52E67015A005F675C /* DayPlannerView.swift */ = {isa = PBXFileReference; fileEncoding = 4; lastKnownFileType = sourcecode.swift; name = DayPlannerView.swift; path = Views/DayPlannerView.swift; sourceTree = "<group>"; };
		453993CF2E699E8E005F675C /* LaunchScreenView.swift */ = {isa = PBXFileReference; fileEncoding = 4; lastKnownFileType = sourcecode.swift; name = LaunchScreenView.swift; path = Views/LaunchScreenView.swift; sourceTree = "<group>"; };
		453993D02E699E8E005F675C /* PolicyConsentView.swift */ = {isa = PBXFileReference; fileEncoding = 4; lastKnownFileType = sourcecode.swift; name = PolicyConsentView.swift; path = Views/PolicyConsentView.swift; sourceTree = "<group>"; };
		453993D32E699EA9005F675C /* ConsentManager.swift */ = {isa = PBXFileReference; fileEncoding = 4; lastKnownFileType = sourcecode.swift; name = ConsentManager.swift; path = Managers/ConsentManager.swift; sourceTree = "<group>"; };
		453993D52E69A006005F675C /* PrivacyPolicyView.swift */ = {isa = PBXFileReference; fileEncoding = 4; lastKnownFileType = sourcecode.swift; name = PrivacyPolicyView.swift; path = Views/PrivacyPolicyView.swift; sourceTree = "<group>"; };
		453993D72E69CB38005F675C /* OnboardingView.swift */ = {isa = PBXFileReference; fileEncoding = 4; lastKnownFileType = sourcecode.swift; name = OnboardingView.swift; path = Views/OnboardingView.swift; sourceTree = "<group>"; };
/* End PBXFileReference section */

/* Begin PBXFrameworksBuildPhase section */
		453993622E61F128005F675C /* Frameworks */ = {
			isa = PBXFrameworksBuildPhase;
			buildActionMask = 2147483647;
			files = (
			);
			runOnlyForDeploymentPostprocessing = 0;
		};
		453993772E61F12A005F675C /* Frameworks */ = {
			isa = PBXFrameworksBuildPhase;
			buildActionMask = 2147483647;
			files = (
			);
			runOnlyForDeploymentPostprocessing = 0;
		};
		453993812E61F12A005F675C /* Frameworks */ = {
			isa = PBXFrameworksBuildPhase;
			buildActionMask = 2147483647;
			files = (
			);
			runOnlyForDeploymentPostprocessing = 0;
		};
/* End PBXFrameworksBuildPhase section */

/* Begin PBXGroup section */
		4539935C2E61F128005F675C = {
			isa = PBXGroup;
			children = (
				453993672E61F128005F675C /* keepaneye */,
				4539937D2E61F12A005F675C /* keepaneyeTests */,
				453993872E61F12A005F675C /* keepaneyeUITests */,
				453993662E61F128005F675C /* Products */,
			);
			sourceTree = "<group>";
		};
		453993662E61F128005F675C /* Products */ = {
			isa = PBXGroup;
			children = (
				453993652E61F128005F675C /* keepaneye.app */,
				4539937A2E61F12A005F675C /* keepaneyeTests.xctest */,
				453993842E61F12A005F675C /* keepaneyeUITests.xctest */,
			);
			name = Products;
			sourceTree = "<group>";
		};
		453993672E61F128005F675C /* keepaneye */ = {
			isa = PBXGroup;
			children = (
				453993D72E69CB38005F675C /* OnboardingView.swift */,
				453993D52E69A006005F675C /* PrivacyPolicyView.swift */,
				453993D32E699EA9005F675C /* ConsentManager.swift */,
				453993CF2E699E8E005F675C /* LaunchScreenView.swift */,
				453993D02E699E8E005F675C /* PolicyConsentView.swift */,
				453993C52E67015A005F675C /* DayPlannerView.swift */,
				453993BF2E659ED8005F675C /* AddFeedItemView.swift */,
				453993C02E659ED8005F675C /* FeedItemDetailView.swift */,
				453993C12E659ED8005F675C /* ScheduleView.swift */,
				453993BC2E659D67005F675C /* AddScheduleView.swift */,
				453993BB2E659D66005F675C /* ScheduleTemplateView.swift */,
				453993A32E61F7B1005F675C /* AddChildView.swift */,
				453993A82E61F7B1005F675C /* AuthenticationView.swift */,
				453993A62E61F7B1005F675C /* FeedView.swift */,
				453993A52E61F7B1005F675C /* ProfileView.swift */,
				453993A72E61F7B1005F675C /* ScheduleDetailView.swift */,
				4539939D2E61F79D005F675C /* Child.swift */,
				4539939E2E61F79D005F675C /* Schedule.swift */,
				4539939F2E61F79D005F675C /* User.swift */,
				453993992E61F78E005F675C /* AuthenticationManager.swift */,
				4539939A2E61F78E005F675C /* DataManager.swift */,
				453993682E61F128005F675C /* keepaneyeApp.swift */,
				453993972E61F2E8005F675C /* ContentView.swift */,
				4539936C2E61F12A005F675C /* Assets.xcassets */,
				453993712E61F12A005F675C /* Persistence.swift */,
				453993732E61F12A005F675C /* keepaneye.xcdatamodeld */,
				4539936E2E61F12A005F675C /* Preview Content */,
			);
			path = keepaneye;
			sourceTree = "<group>";
		};
		4539936E2E61F12A005F675C /* Preview Content */ = {
			isa = PBXGroup;
			children = (
				4539936F2E61F12A005F675C /* Preview Assets.xcassets */,
			);
			path = "Preview Content";
			sourceTree = "<group>";
		};
		4539937D2E61F12A005F675C /* keepaneyeTests */ = {
			isa = PBXGroup;
			children = (
				4539937E2E61F12A005F675C /* keepaneyeTests.swift */,
			);
			path = keepaneyeTests;
			sourceTree = "<group>";
		};
		453993872E61F12A005F675C /* keepaneyeUITests */ = {
			isa = PBXGroup;
			children = (
				453993882E61F12A005F675C /* keepaneyeUITests.swift */,
				4539938A2E61F12A005F675C /* keepaneyeUITestsLaunchTests.swift */,
			);
			path = keepaneyeUITests;
			sourceTree = "<group>";
		};
/* End PBXGroup section */

/* Begin PBXNativeTarget section */
		453993642E61F128005F675C /* keepaneye */ = {
			isa = PBXNativeTarget;
			buildConfigurationList = 4539938E2E61F12A005F675C /* Build configuration list for PBXNativeTarget "keepaneye" */;
			buildPhases = (
				453993612E61F128005F675C /* Sources */,
				453993622E61F128005F675C /* Frameworks */,
				453993632E61F128005F675C /* Resources */,
			);
			buildRules = (
			);
			dependencies = (
			);
			name = keepaneye;
			productName = keepaneye;
			productReference = 453993652E61F128005F675C /* keepaneye.app */;
			productType = "com.apple.product-type.application";
		};
		453993792E61F12A005F675C /* keepaneyeTests */ = {
			isa = PBXNativeTarget;
			buildConfigurationList = 453993912E61F12A005F675C /* Build configuration list for PBXNativeTarget "keepaneyeTests" */;
			buildPhases = (
				453993762E61F12A005F675C /* Sources */,
				453993772E61F12A005F675C /* Frameworks */,
				453993782E61F12A005F675C /* Resources */,
			);
			buildRules = (
			);
			dependencies = (
				4539937C2E61F12A005F675C /* PBXTargetDependency */,
			);
			name = keepaneyeTests;
			productName = keepaneyeTests;
			productReference = 4539937A2E61F12A005F675C /* keepaneyeTests.xctest */;
			productType = "com.apple.product-type.bundle.unit-test";
		};
		453993832E61F12A005F675C /* keepaneyeUITests */ = {
			isa = PBXNativeTarget;
			buildConfigurationList = 453993942E61F12A005F675C /* Build configuration list for PBXNativeTarget "keepaneyeUITests" */;
			buildPhases = (
				453993802E61F12A005F675C /* Sources */,
				453993812E61F12A005F675C /* Frameworks */,
				453993822E61F12A005F675C /* Resources */,
			);
			buildRules = (
			);
			dependencies = (
				453993862E61F12A005F675C /* PBXTargetDependency */,
			);
			name = keepaneyeUITests;
			productName = keepaneyeUITests;
			productReference = 453993842E61F12A005F675C /* keepaneyeUITests.xctest */;
			productType = "com.apple.product-type.bundle.ui-testing";
		};
/* End PBXNativeTarget section */

/* Begin PBXProject section */
		4539935D2E61F128005F675C /* Project object */ = {
			isa = PBXProject;
			attributes = {
				BuildIndependentTargetsInParallel = 1;
				LastSwiftUpdateCheck = 1540;
				LastUpgradeCheck = 1540;
				TargetAttributes = {
					453993642E61F128005F675C = {
						CreatedOnToolsVersion = 15.4;
					};
					453993792E61F12A005F675C = {
						CreatedOnToolsVersion = 15.4;
						TestTargetID = 453993642E61F128005F675C;
					};
					453993832E61F12A005F675C = {
						CreatedOnToolsVersion = 15.4;
						TestTargetID = 453993642E61F128005F675C;
					};
				};
			};
			buildConfigurationList = 453993602E61F128005F675C /* Build configuration list for PBXProject "keepaneye" */;
			compatibilityVersion = "Xcode 14.0";
			developmentRegion = en;
			hasScannedForEncodings = 0;
			knownRegions = (
				en,
				Base,
			);
			mainGroup = 4539935C2E61F128005F675C;
			productRefGroup = 453993662E61F128005F675C /* Products */;
			projectDirPath = "";
			projectRoot = "";
			targets = (
				453993642E61F128005F675C /* keepaneye */,
				453993792E61F12A005F675C /* keepaneyeTests */,
				453993832E61F12A005F675C /* keepaneyeUITests */,
			);
		};
/* End PBXProject section */

/* Begin PBXResourcesBuildPhase section */
		453993632E61F128005F675C /* Resources */ = {
			isa = PBXResourcesBuildPhase;
			buildActionMask = 2147483647;
			files = (
				453993702E61F12A005F675C /* Preview Assets.xcassets in Resources */,
				4539936D2E61F12A005F675C /* Assets.xcassets in Resources */,
			);
			runOnlyForDeploymentPostprocessing = 0;
		};
		453993782E61F12A005F675C /* Resources */ = {
			isa = PBXResourcesBuildPhase;
			buildActionMask = 2147483647;
			files = (
			);
			runOnlyForDeploymentPostprocessing = 0;
		};
		453993822E61F12A005F675C /* Resources */ = {
			isa = PBXResourcesBuildPhase;
			buildActionMask = 2147483647;
			files = (
			);
			runOnlyForDeploymentPostprocessing = 0;
		};
/* End PBXResourcesBuildPhase section */

/* Begin PBXSourcesBuildPhase section */
		453993612E61F128005F675C /* Sources */ = {
			isa = PBXSourcesBuildPhase;
			buildActionMask = 2147483647;
			files = (
				453993722E61F12A005F675C /* Persistence.swift in Sources */,
				453993BD2E659D67005F675C /* ScheduleTemplateView.swift in Sources */,
				453993D12E699E8E005F675C /* LaunchScreenView.swift in Sources */,
				453993D62E69A006005F675C /* PrivacyPolicyView.swift in Sources */,
				4539939C2E61F78E005F675C /* DataManager.swift in Sources */,
				453993752E61F12A005F675C /* keepaneye.xcdatamodeld in Sources */,
				453993C62E67015A005F675C /* DayPlannerView.swift in Sources */,
				453993982E61F2E8005F675C /* ContentView.swift in Sources */,
				453993AC2E61F7B2005F675C /* ProfileView.swift in Sources */,
				4539939B2E61F78E005F675C /* AuthenticationManager.swift in Sources */,
				453993AE2E61F7B2005F675C /* ScheduleDetailView.swift in Sources */,
				453993AA2E61F7B2005F675C /* AddChildView.swift in Sources */,
				453993A22E61F79D005F675C /* User.swift in Sources */,
				453993C32E659ED8005F675C /* FeedItemDetailView.swift in Sources */,
				453993A02E61F79D005F675C /* Child.swift in Sources */,
				453993A12E61F79D005F675C /* Schedule.swift in Sources */,
				453993AD2E61F7B2005F675C /* FeedView.swift in Sources */,
				453993C22E659ED8005F675C /* AddFeedItemView.swift in Sources */,
				453993D82E69CB38005F675C /* OnboardingView.swift in Sources */,
				453993D42E699EA9005F675C /* ConsentManager.swift in Sources */,
				453993692E61F128005F675C /* keepaneyeApp.swift in Sources */,
				453993AF2E61F7B2005F675C /* AuthenticationView.swift in Sources */,
				453993BE2E659D67005F675C /* AddScheduleView.swift in Sources */,
				453993C42E659ED8005F675C /* ScheduleView.swift in Sources */,
				453993D22E699E8E005F675C /* PolicyConsentView.swift in Sources */,
			);
			runOnlyForDeploymentPostprocessing = 0;
		};
		453993762E61F12A005F675C /* Sources */ = {
			isa = PBXSourcesBuildPhase;
			buildActionMask = 2147483647;
			files = (
				4539937F2E61F12A005F675C /* keepaneyeTests.swift in Sources */,
			);
			runOnlyForDeploymentPostprocessing = 0;
		};
		453993802E61F12A005F675C /* Sources */ = {
			isa = PBXSourcesBuildPhase;
			buildActionMask = 2147483647;
			files = (
				4539938B2E61F12A005F675C /* keepaneyeUITestsLaunchTests.swift in Sources */,
				453993892E61F12A005F675C /* keepaneyeUITests.swift in Sources */,
			);
			runOnlyForDeploymentPostprocessing = 0;
		};
/* End PBXSourcesBuildPhase section */

/* Begin PBXTargetDependency section */
		4539937C2E61F12A005F675C /* PBXTargetDependency */ = {
			isa = PBXTargetDependency;
			target = 453993642E61F128005F675C /* keepaneye */;
			targetProxy = 4539937B2E61F12A005F675C /* PBXContainerItemProxy */;
		};
		453993862E61F12A005F675C /* PBXTargetDependency */ = {
			isa = PBXTargetDependency;
			target = 453993642E61F128005F675C /* keepaneye */;
			targetProxy = 453993852E61F12A005F675C /* PBXContainerItemProxy */;
		};
/* End PBXTargetDependency section */

/* Begin XCBuildConfiguration section */
		4539938C2E61F12A005F675C /* Debug */ = {
			isa = XCBuildConfiguration;
			buildSettings = {
				ALWAYS_SEARCH_USER_PATHS = NO;
				ASSETCATALOG_COMPILER_GENERATE_SWIFT_ASSET_SYMBOL_EXTENSIONS = YES;
				CLANG_ANALYZER_NONNULL = YES;
				CLANG_ANALYZER_NUMBER_OBJECT_CONVERSION = YES_AGGRESSIVE;
				CLANG_CXX_LANGUAGE_STANDARD = "gnu++20";
				CLANG_ENABLE_MODULES = YES;
				CLANG_ENABLE_OBJC_ARC = YES;
				CLANG_ENABLE_OBJC_WEAK = YES;
				CLANG_WARN_BLOCK_CAPTURE_AUTORELEASING = YES;
				CLANG_WARN_BOOL_CONVERSION = YES;
				CLANG_WARN_COMMA = YES;
				CLANG_WARN_CONSTANT_CONVERSION = YES;
				CLANG_WARN_DEPRECATED_OBJC_IMPLEMENTATIONS = YES;
				CLANG_WARN_DIRECT_OBJC_ISA_USAGE = YES_ERROR;
				CLANG_WARN_DOCUMENTATION_COMMENTS = YES;
				CLANG_WARN_EMPTY_BODY = YES;
				CLANG_WARN_ENUM_CONVERSION = YES;
				CLANG_WARN_INFINITE_RECURSION = YES;
				CLANG_WARN_INT_CONVERSION = YES;
				CLANG_WARN_NON_LITERAL_NULL_CONVERSION = YES;
				CLANG_WARN_OBJC_IMPLICIT_RETAIN_SELF = YES;
				CLANG_WARN_OBJC_LITERAL_CONVERSION = YES;
				CLANG_WARN_OBJC_ROOT_CLASS = YES_ERROR;
				CLANG_WARN_QUOTED_INCLUDE_IN_FRAMEWORK_HEADER = YES;
				CLANG_WARN_RANGE_LOOP_ANALYSIS = YES;
				CLANG_WARN_STRICT_PROTOTYPES = YES;
				CLANG_WARN_SUSPICIOUS_MOVE = YES;
				CLANG_WARN_UNGUARDED_AVAILABILITY = YES_AGGRESSIVE;
				CLANG_WARN_UNREACHABLE_CODE = YES;
				CLANG_WARN__DUPLICATE_METHOD_MATCH = YES;
				COPY_PHASE_STRIP = NO;
				DEBUG_INFORMATION_FORMAT = dwarf;
				ENABLE_STRICT_OBJC_MSGSEND = YES;
				ENABLE_TESTABILITY = YES;
				ENABLE_USER_SCRIPT_SANDBOXING = YES;
				GCC_C_LANGUAGE_STANDARD = gnu17;
				GCC_DYNAMIC_NO_PIC = NO;
				GCC_NO_COMMON_BLOCKS = YES;
				GCC_OPTIMIZATION_LEVEL = 0;
				GCC_PREPROCESSOR_DEFINITIONS = (
					"DEBUG=1",
					"$(inherited)",
				);
				GCC_WARN_64_TO_32_BIT_CONVERSION = YES;
				GCC_WARN_ABOUT_RETURN_TYPE = YES_ERROR;
				GCC_WARN_UNDECLARED_SELECTOR = YES;
				GCC_WARN_UNINITIALIZED_AUTOS = YES_AGGRESSIVE;
				GCC_WARN_UNUSED_FUNCTION = YES;
				GCC_WARN_UNUSED_VARIABLE = YES;
				IPHONEOS_DEPLOYMENT_TARGET = 17.5;
				LOCALIZATION_PREFERS_STRING_CATALOGS = YES;
				MTL_ENABLE_DEBUG_INFO = INCLUDE_SOURCE;
				MTL_FAST_MATH = YES;
				ONLY_ACTIVE_ARCH = YES;
				SDKROOT = iphoneos;
				SWIFT_ACTIVE_COMPILATION_CONDITIONS = "DEBUG $(inherited)";
				SWIFT_OPTIMIZATION_LEVEL = "-Onone";
			};
			name = Debug;
		};
		4539938D2E61F12A005F675C /* Release */ = {
			isa = XCBuildConfiguration;
			buildSettings = {
				ALWAYS_SEARCH_USER_PATHS = NO;
				ASSETCATALOG_COMPILER_GENERATE_SWIFT_ASSET_SYMBOL_EXTENSIONS = YES;
				CLANG_ANALYZER_NONNULL = YES;
				CLANG_ANALYZER_NUMBER_OBJECT_CONVERSION = YES_AGGRESSIVE;
				CLANG_CXX_LANGUAGE_STANDARD = "gnu++20";
				CLANG_ENABLE_MODULES = YES;
				CLANG_ENABLE_OBJC_ARC = YES;
				CLANG_ENABLE_OBJC_WEAK = YES;
				CLANG_WARN_BLOCK_CAPTURE_AUTORELEASING = YES;
				CLANG_WARN_BOOL_CONVERSION = YES;
				CLANG_WARN_COMMA = YES;
				CLANG_WARN_CONSTANT_CONVERSION = YES;
				CLANG_WARN_DEPRECATED_OBJC_IMPLEMENTATIONS = YES;
				CLANG_WARN_DIRECT_OBJC_ISA_USAGE = YES_ERROR;
				CLANG_WARN_DOCUMENTATION_COMMENTS = YES;
				CLANG_WARN_EMPTY_BODY = YES;
				CLANG_WARN_ENUM_CONVERSION = YES;
				CLANG_WARN_INFINITE_RECURSION = YES;
				CLANG_WARN_INT_CONVERSION = YES;
				CLANG_WARN_NON_LITERAL_NULL_CONVERSION = YES;
				CLANG_WARN_OBJC_IMPLICIT_RETAIN_SELF = YES;
				CLANG_WARN_OBJC_LITERAL_CONVERSION = YES;
				CLANG_WARN_OBJC_ROOT_CLASS = YES_ERROR;
				CLANG_WARN_QUOTED_INCLUDE_IN_FRAMEWORK_HEADER = YES;
				CLANG_WARN_RANGE_LOOP_ANALYSIS = YES;
				CLANG_WARN_STRICT_PROTOTYPES = YES;
				CLANG_WARN_SUSPICIOUS_MOVE = YES;
				CLANG_WARN_UNGUARDED_AVAILABILITY = YES_AGGRESSIVE;
				CLANG_WARN_UNREACHABLE_CODE = YES;
				CLANG_WARN__DUPLICATE_METHOD_MATCH = YES;
				COPY_PHASE_STRIP = NO;
				DEBUG_INFORMATION_FORMAT = "dwarf-with-dsym";
				ENABLE_NS_ASSERTIONS = NO;
				ENABLE_STRICT_OBJC_MSGSEND = YES;
				ENABLE_USER_SCRIPT_SANDBOXING = YES;
				GCC_C_LANGUAGE_STANDARD = gnu17;
				GCC_NO_COMMON_BLOCKS = YES;
				GCC_WARN_64_TO_32_BIT_CONVERSION = YES;
				GCC_WARN_ABOUT_RETURN_TYPE = YES_ERROR;
				GCC_WARN_UNDECLARED_SELECTOR = YES;
				GCC_WARN_UNINITIALIZED_AUTOS = YES_AGGRESSIVE;
				GCC_WARN_UNUSED_FUNCTION = YES;
				GCC_WARN_UNUSED_VARIABLE = YES;
				IPHONEOS_DEPLOYMENT_TARGET = 17.5;
				LOCALIZATION_PREFERS_STRING_CATALOGS = YES;
				MTL_ENABLE_DEBUG_INFO = NO;
				MTL_FAST_MATH = YES;
				SDKROOT = iphoneos;
				SWIFT_COMPILATION_MODE = wholemodule;
				VALIDATE_PRODUCT = YES;
			};
			name = Release;
		};
		4539938F2E61F12A005F675C /* Debug */ = {
			isa = XCBuildConfiguration;
			buildSettings = {
				ASSETCATALOG_COMPILER_APPICON_NAME = AppIcon;
				ASSETCATALOG_COMPILER_GLOBAL_ACCENT_COLOR_NAME = AccentColor;
				CODE_SIGN_STYLE = Automatic;
				CURRENT_PROJECT_VERSION = 1;
				DEVELOPMENT_ASSET_PATHS = "\"keepaneye/Preview Content\"";
				ENABLE_PREVIEWS = YES;
				GENERATE_INFOPLIST_FILE = YES;
				INFOPLIST_KEY_UIApplicationSceneManifest_Generation = YES;
				INFOPLIST_KEY_UIApplicationSupportsIndirectInputEvents = YES;
				INFOPLIST_KEY_UILaunchScreen_Generation = YES;
				INFOPLIST_KEY_UISupportedInterfaceOrientations_iPad = "UIInterfaceOrientationPortrait UIInterfaceOrientationPortraitUpsideDown UIInterfaceOrientationLandscapeLeft UIInterfaceOrientationLandscapeRight";
				INFOPLIST_KEY_UISupportedInterfaceOrientations_iPhone = "UIInterfaceOrientationPortrait UIInterfaceOrientationLandscapeLeft UIInterfaceOrientationLandscapeRight";
				LD_RUNPATH_SEARCH_PATHS = (
					"$(inherited)",
					"@executable_path/Frameworks",
				);
				MARKETING_VERSION = 1.0;
				PRODUCT_BUNDLE_IDENTIFIER = sdsd.keepaneye;
				PRODUCT_NAME = "$(TARGET_NAME)";
				SWIFT_EMIT_LOC_STRINGS = YES;
				SWIFT_VERSION = 5.0;
				TARGETED_DEVICE_FAMILY = "1,2";
			};
			name = Debug;
		};
		453993902E61F12A005F675C /* Release */ = {
			isa = XCBuildConfiguration;
			buildSettings = {
				ASSETCATALOG_COMPILER_APPICON_NAME = AppIcon;
				ASSETCATALOG_COMPILER_GLOBAL_ACCENT_COLOR_NAME = AccentColor;
				CODE_SIGN_STYLE = Automatic;
				CURRENT_PROJECT_VERSION = 1;
				DEVELOPMENT_ASSET_PATHS = "\"keepaneye/Preview Content\"";
				ENABLE_PREVIEWS = YES;
				GENERATE_INFOPLIST_FILE = YES;
				INFOPLIST_KEY_UIApplicationSceneManifest_Generation = YES;
				INFOPLIST_KEY_UIApplicationSupportsIndirectInputEvents = YES;
				INFOPLIST_KEY_UILaunchScreen_Generation = YES;
				INFOPLIST_KEY_UISupportedInterfaceOrientations_iPad = "UIInterfaceOrientationPortrait UIInterfaceOrientationPortraitUpsideDown UIInterfaceOrientationLandscapeLeft UIInterfaceOrientationLandscapeRight";
				INFOPLIST_KEY_UISupportedInterfaceOrientations_iPhone = "UIInterfaceOrientationPortrait UIInterfaceOrientationLandscapeLeft UIInterfaceOrientationLandscapeRight";
				LD_RUNPATH_SEARCH_PATHS = (
					"$(inherited)",
					"@executable_path/Frameworks",
				);
				MARKETING_VERSION = 1.0;
				PRODUCT_BUNDLE_IDENTIFIER = sdsd.keepaneye;
				PRODUCT_NAME = "$(TARGET_NAME)";
				SWIFT_EMIT_LOC_STRINGS = YES;
				SWIFT_VERSION = 5.0;
				TARGETED_DEVICE_FAMILY = "1,2";
			};
			name = Release;
		};
		453993922E61F12A005F675C /* Debug */ = {
			isa = XCBuildConfiguration;
			buildSettings = {
				ALWAYS_EMBED_SWIFT_STANDARD_LIBRARIES = YES;
				BUNDLE_LOADER = "$(TEST_HOST)";
				CODE_SIGN_STYLE = Automatic;
				CURRENT_PROJECT_VERSION = 1;
				GENERATE_INFOPLIST_FILE = YES;
				IPHONEOS_DEPLOYMENT_TARGET = 17.5;
				MARKETING_VERSION = 1.0;
				PRODUCT_BUNDLE_IDENTIFIER = sdsd.keepaneyeTests;
				PRODUCT_NAME = "$(TARGET_NAME)";
				SWIFT_EMIT_LOC_STRINGS = NO;
				SWIFT_VERSION = 5.0;
				TARGETED_DEVICE_FAMILY = "1,2";
				TEST_HOST = "$(BUILT_PRODUCTS_DIR)/keepaneye.app/$(BUNDLE_EXECUTABLE_FOLDER_PATH)/keepaneye";
			};
			name = Debug;
		};
		453993932E61F12A005F675C /* Release */ = {
			isa = XCBuildConfiguration;
			buildSettings = {
				ALWAYS_EMBED_SWIFT_STANDARD_LIBRARIES = YES;
				BUNDLE_LOADER = "$(TEST_HOST)";
				CODE_SIGN_STYLE = Automatic;
				CURRENT_PROJECT_VERSION = 1;
				GENERATE_INFOPLIST_FILE = YES;
				IPHONEOS_DEPLOYMENT_TARGET = 17.5;
				MARKETING_VERSION = 1.0;
				PRODUCT_BUNDLE_IDENTIFIER = sdsd.keepaneyeTests;
				PRODUCT_NAME = "$(TARGET_NAME)";
				SWIFT_EMIT_LOC_STRINGS = NO;
				SWIFT_VERSION = 5.0;
				TARGETED_DEVICE_FAMILY = "1,2";
				TEST_HOST = "$(BUILT_PRODUCTS_DIR)/keepaneye.app/$(BUNDLE_EXECUTABLE_FOLDER_PATH)/keepaneye";
			};
			name = Release;
		};
		453993952E61F12A005F675C /* Debug */ = {
			isa = XCBuildConfiguration;
			buildSettings = {
				ALWAYS_EMBED_SWIFT_STANDARD_LIBRARIES = YES;
				CODE_SIGN_STYLE = Automatic;
				CURRENT_PROJECT_VERSION = 1;
				GENERATE_INFOPLIST_FILE = YES;
				MARKETING_VERSION = 1.0;
				PRODUCT_BUNDLE_IDENTIFIER = sdsd.keepaneyeUITests;
				PRODUCT_NAME = "$(TARGET_NAME)";
				SWIFT_EMIT_LOC_STRINGS = NO;
				SWIFT_VERSION = 5.0;
				TARGETED_DEVICE_FAMILY = "1,2";
				TEST_TARGET_NAME = keepaneye;
			};
			name = Debug;
		};
		453993962E61F12A005F675C /* Release */ = {
			isa = XCBuildConfiguration;
			buildSettings = {
				ALWAYS_EMBED_SWIFT_STANDARD_LIBRARIES = YES;
				CODE_SIGN_STYLE = Automatic;
				CURRENT_PROJECT_VERSION = 1;
				GENERATE_INFOPLIST_FILE = YES;
				MARKETING_VERSION = 1.0;
				PRODUCT_BUNDLE_IDENTIFIER = sdsd.keepaneyeUITests;
				PRODUCT_NAME = "$(TARGET_NAME)";
				SWIFT_EMIT_LOC_STRINGS = NO;
				SWIFT_VERSION = 5.0;
				TARGETED_DEVICE_FAMILY = "1,2";
				TEST_TARGET_NAME = keepaneye;
			};
			name = Release;
		};
/* End XCBuildConfiguration section */

/* Begin XCConfigurationList section */
		453993602E61F128005F675C /* Build configuration list for PBXProject "keepaneye" */ = {
			isa = XCConfigurationList;
			buildConfigurations = (
				4539938C2E61F12A005F675C /* Debug */,
				4539938D2E61F12A005F675C /* Release */,
			);
			defaultConfigurationIsVisible = 0;
			defaultConfigurationName = Release;
		};
		4539938E2E61F12A005F675C /* Build configuration list for PBXNativeTarget "keepaneye" */ = {
			isa = XCConfigurationList;
			buildConfigurations = (
				4539938F2E61F12A005F675C /* Debug */,
				453993902E61F12A005F675C /* Release */,
			);
			defaultConfigurationIsVisible = 0;
			defaultConfigurationName = Release;
		};
		453993912E61F12A005F675C /* Build configuration list for PBXNativeTarget "keepaneyeTests" */ = {
			isa = XCConfigurationList;
			buildConfigurations = (
				453993922E61F12A005F675C /* Debug */,
				453993932E61F12A005F675C /* Release */,
			);
			defaultConfigurationIsVisible = 0;
			defaultConfigurationName = Release;
		};
		453993942E61F12A005F675C /* Build configuration list for PBXNativeTarget "keepaneyeUITests" */ = {
			isa = XCConfigurationList;
			buildConfigurations = (
				453993952E61F12A005F675C /* Debug */,
				453993962E61F12A005F675C /* Release */,
			);
			defaultConfigurationIsVisible = 0;
			defaultConfigurationName = Release;
		};
/* End XCConfigurationList section */

/* Begin XCVersionGroup section */
		453993732E61F12A005F675C /* keepaneye.xcdatamodeld */ = {
			isa = XCVersionGroup;
			children = (
				453993742E61F12A005F675C /* keepaneye.xcdatamodel */,
			);
			currentVersion = 453993742E61F12A005F675C /* keepaneye.xcdatamodel */;
			path = keepaneye.xcdatamodeld;
			sourceTree = "<group>";
			versionGroupType = wrapper.xcdatamodel;
		};
/* End XCVersionGroup section */
	};
	rootObject = 4539935D2E61F128005F675C /* Project object */;
}
